{
  "name": "@writetome51/array-remove-all-of-first-of",
  "version": "2.0.0",
  "lockfileVersion": 1,
  "requires": true,
  "dependencies": {
    "@arr/every": {
      "version": "1.0.1",
      "resolved": "https://registry.npmjs.org/@arr/every/-/every-1.0.1.tgz",
      "integrity": "sha512-UQFQ6SgyJ6LX42W8rHCs8KVc0JS0tzVL9ct4XYedJukskYVWTo49tNiMEK9C2HTyarbNiT/RVIRSY82vH+6sTg=="
    },
    "@arr/reverse": {
      "version": "1.0.1",
      "resolved": "https://registry.npmjs.org/@arr/reverse/-/reverse-1.0.1.tgz",
      "integrity": "sha512-ubZWP2N8N8IDiXgB+S+65+hZCXGQqcdI72qUfKfp4M8dV1NlmWKwGXjCtQF5ocY41JJANWl8hmShlGWa58aAxQ=="
    },
    "@writetome51/array-get-adjacent-at": {
      "version": "2.0.2",
      "resolved": "https://registry.npmjs.org/@writetome51/array-get-adjacent-at/-/array-get-adjacent-at-2.0.2.tgz",
      "integrity": "sha512-7nbnQwJnyWgxc19CpZkuHhP1ttKXG5xx3aIIprss/CYZdqLnUQZOCtplyl0IrqaFI9LXXspJ9X7tIj+50yFp6w==",
      "requires": {
        "error-if-array-too-short-to-meet-adjacent-items-request": "^2.0.0",
        "error-if-index-how-many-or-array-are-not-valid": "^2.0.1"
      }
    },
    "@writetome51/array-get-and-remove-adjacent-at": {
      "version": "2.0.0",
      "resolved": "https://registry.npmjs.org/@writetome51/array-get-and-remove-adjacent-at/-/array-get-and-remove-adjacent-at-2.0.0.tgz",
      "integrity": "sha512-80sDR1qs/7jX3PV3YSvMS1GJp9xAH0BRdQBsidHCc7CYwvOVlsvit3EFYqKU0DS+cCwIfF+fBEeXQ48vbB8zNA==",
      "requires": {
        "error-if-array-too-short-to-meet-adjacent-items-request": "^2.0.0",
        "error-if-index-how-many-or-array-are-not-valid": "^2.0.1"
      }
    },
    "@writetome51/array-get-and-remove-by-index": {
      "version": "2.0.0",
      "resolved": "https://registry.npmjs.org/@writetome51/array-get-and-remove-by-index/-/array-get-and-remove-by-index-2.0.0.tgz",
      "integrity": "sha512-p58G1g9Hl3Nmz2h0+GX2nfwvJ51ldoUUXDfDd0JoAOu7nUprmOAeY4dp0LL12h66Wm09Am18GKxksN3cqCli2A==",
      "requires": {
        "@writetome51/array-get-and-remove-adjacent-at": "^2.0.0"
      }
    },
    "@writetome51/array-get-indexes-of": {
      "version": "2.0.1",
      "resolved": "https://registry.npmjs.org/@writetome51/array-get-indexes-of/-/array-get-indexes-of-2.0.1.tgz",
      "integrity": "sha512-6q8tZPFv1/8lIkhG8IfZGakxcL2RisFCQS0ODd64u2gMJEFqImfHvIJzpbtn0ezYhQaCdlfaR0elrASGtMT8Bw==",
      "requires": {
        "@arr/reverse": "^1.0.1",
        "@writetome51/arrays-match": "^2.0.1",
        "@writetome51/get-array-copy": "^1.0.0",
        "@writetome51/get-reverse-index": "^1.0.0",
        "@writetome51/is-array-not-array": "^2.0.0",
        "error-if-length-is-zero": "^1.0.1",
        "error-if-not-integer": "^2.0.0"
      }
    },
    "@writetome51/array-has": {
      "version": "2.0.0",
      "resolved": "https://registry.npmjs.org/@writetome51/array-has/-/array-has-2.0.0.tgz",
      "integrity": "sha512-OPxl+IqiG5KHr0CTu0YJKf2uC87hgYF58Imp7on8sIDeTw/W2YKFipCStsrqTZF+X273lQWPX1JHtqpW0HgmVQ==",
      "requires": {
        "@writetome51/array-get-adjacent-at": "^2.0.0",
        "@writetome51/array-get-indexes-of": "^2.0.0",
        "@writetome51/arrays-match": "^2.0.0",
        "@writetome51/is-empty-not-empty": "^2.0.0",
        "error-if-not-array": "^2.0.0"
      }
    },
    "@writetome51/array-remove-by-index": {
      "version": "2.0.0",
      "resolved": "https://registry.npmjs.org/@writetome51/array-remove-by-index/-/array-remove-by-index-2.0.0.tgz",
      "integrity": "sha512-knDAFaGgb30pFKEbXVpTcyzOIeP8GyQjeJtKIfg/7k39kv7tgdTb+Z0XcoRmXzEwGMecIkkOg5vT130UV7f3rA==",
      "requires": {
        "@writetome51/array-get-and-remove-by-index": "^2.0.0"
      }
    },
    "@writetome51/arrays-match": {
      "version": "2.0.1",
      "resolved": "https://registry.npmjs.org/@writetome51/arrays-match/-/arrays-match-2.0.1.tgz",
      "integrity": "sha512-JGaTMqqvhVyRPQQpK1Ks+3jlLMb3nXpxnSCul5UwXIy88SG6bXw8/oq+SsX+MsjqiUlub6oLNIg4r889rluBOw==",
      "requires": {
        "@arr/every": "^1.0.1",
        "@writetome51/is-array-not-array": "^2.0.0",
        "@writetome51/is-empty-not-empty": "^2.0.1",
        "error-if-values-are-not-arrays": "^2.0.1"
      }
    },
    "@writetome51/get-array-copy": {
      "version": "1.0.0",
      "resolved": "https://registry.npmjs.org/@writetome51/get-array-copy/-/get-array-copy-1.0.0.tgz",
      "integrity": "sha512-t2E8n/80SE9k6WUq6ovDXnKTRPcbMM0qqu738wTASSW8bbBKEWhZ8oF+hX5xCjP0EWkRln5BzN/6tztaMVgdAA==",
      "requires": {
        "error-if-not-array": "^2.0.0"
      }
    },
    "@writetome51/get-reverse-index": {
      "version": "1.0.0",
      "resolved": "https://registry.npmjs.org/@writetome51/get-reverse-index/-/get-reverse-index-1.0.0.tgz",
      "integrity": "sha512-RVBDaAgruxJfZzt8FTLeubvrqmvOzR0Vggxr4XU0Bk++LiPJuS8A7Nx2sJooI/FxZ22IIymg1PLyW/ic31lHQg==",
      "requires": {
        "error-if-index-not-valid": "^2.0.0",
        "error-if-not-integer-zero-or-greater": "^2.0.0"
      }
    },
    "@writetome51/index-is-valid": {
      "version": "2.0.0",
      "resolved": "https://registry.npmjs.org/@writetome51/index-is-valid/-/index-is-valid-2.0.0.tgz",
      "integrity": "sha512-Nmed46ugpEwI+q+k7Zy4XH8yL4IuMZA2FkCzVCE+qS0p+h9VmUwBXclF4FYUx1Io7l5Vvtvyj5IyzPZOHDnR9Q==",
      "requires": {
        "error-if-not-integer": "^2.0.0"
      }
    },
    "@writetome51/is-array-not-array": {
      "version": "2.0.0",
      "resolved": "https://registry.npmjs.org/@writetome51/is-array-not-array/-/is-array-not-array-2.0.0.tgz",
      "integrity": "sha512-IVc3BgxLuBsSPzteYbwpgOYyqP0DjpIMsPbjSOrCeMAGvJhojLBiBkw/I70faMs6iuPalOklfGm60XcRU7aZ3g=="
    },
    "@writetome51/is-empty-not-empty": {
      "version": "2.0.1",
      "resolved": "https://registry.npmjs.org/@writetome51/is-empty-not-empty/-/is-empty-not-empty-2.0.1.tgz",
      "integrity": "sha512-wpB7AUlNywDhEjlsZZNRBAsp+55458Ot6A7tcr8maAR9+6YS62hYFapn/Ko6jjF9P4FlDKlrMyEPiGnF8b1rbQ==",
      "requires": {
        "error-if-not-finite-number": "^2.0.0"
      }
    },
    "@writetome51/is-finite-number": {
      "version": "2.0.0",
      "resolved": "https://registry.npmjs.org/@writetome51/is-finite-number/-/is-finite-number-2.0.0.tgz",
      "integrity": "sha512-mVQxcMuSjRZvG2MxM4KFerGLNuhaeoVR7vC6itSnx/DNTENm0YHPNqh4E7FqjMt94pnis/iwhSnSpKouf88CDA=="
    },
    "@writetome51/is-integer-is-float": {
      "version": "2.0.0",
      "resolved": "https://registry.npmjs.org/@writetome51/is-integer-is-float/-/is-integer-is-float-2.0.0.tgz",
      "integrity": "sha512-5SbWU1X1mAqm4expj+/g0+j5oQojH0JTa9uDwALpsZHgZZ2wkRGwqI0pvWLAw1BVCOWhPycC1AMjGCj/ZnfN0g==",
      "requires": {
        "@writetome51/is-finite-number": "^2.0.0"
      }
    },
    "error-if-array-too-short-to-meet-adjacent-items-request": {
      "version": "2.0.0",
      "resolved": "https://registry.npmjs.org/error-if-array-too-short-to-meet-adjacent-items-request/-/error-if-array-too-short-to-meet-adjacent-items-request-2.0.0.tgz",
      "integrity": "sha512-VJl7jkZ6tS0ahw4qlMlvlLMhMmml8oSdWmQn9Eanuo6iNr302aNkeF3IwnCdprUcmRw/3a2vZFVM3fJBW262fw=="
    },
    "error-if-index-how-many-or-array-are-not-valid": {
      "version": "2.0.1",
      "resolved": "https://registry.npmjs.org/error-if-index-how-many-or-array-are-not-valid/-/error-if-index-how-many-or-array-are-not-valid-2.0.1.tgz",
      "integrity": "sha512-FsBclMV37Q/ULCQf1t1gxHAgQP2SZIR8eo23VktcVCTZbjtDuiSzHKhDjHJEFK2/1I1uTUF4O+cfK/+xlpZCgQ==",
      "requires": {
        "error-if-index-not-valid": "^2.0.0",
        "error-if-not-array": "^2.0.0",
        "error-if-not-integer": "^2.0.0"
      }
    },
    "error-if-index-not-valid": {
      "version": "2.0.0",
      "resolved": "https://registry.npmjs.org/error-if-index-not-valid/-/error-if-index-not-valid-2.0.0.tgz",
      "integrity": "sha512-YHcWv6Iwuhc+rTJrCwdbMMEP3cR9lPDzAfAPHJotdCXxFmyV9k+PtcFrc6CHrf4KU9AG8FLQ0SZ1wb+iZtUZRQ==",
      "requires": {
        "@writetome51/index-is-valid": "^2.0.0"
      }
    },
    "error-if-length-is-zero": {
      "version": "1.0.1",
      "resolved": "https://registry.npmjs.org/error-if-length-is-zero/-/error-if-length-is-zero-1.0.1.tgz",
      "integrity": "sha512-UB2bqtLZ9lpexrsjQbH6UkdBJpmeesBQZHGEYwOFoiKReRuQlG/cODCOMNY+Fq8EFyeF1gg99eMSjdztqUEQqA=="
    },
    "error-if-not-array": {
      "version": "2.0.0",
      "resolved": "https://registry.npmjs.org/error-if-not-array/-/error-if-not-array-2.0.0.tgz",
      "integrity": "sha512-kBAYpWy9xGjELgGqmS2QPbRJPXfacAxBwgitXIwMEglY0p3C2p4++sf3uDszXaDoy4cwgGrFj+FkthsxQFh/ag=="
    },
    "error-if-not-finite-number": {
      "version": "2.0.0",
      "resolved": "https://registry.npmjs.org/error-if-not-finite-number/-/error-if-not-finite-number-2.0.0.tgz",
      "integrity": "sha512-CBxJ+SqnHf1uVCQ9v8777aEC6UxQ3NNoSjDrOgr3iaT9m7LxUf9vFwKBPONTLfGnWFVCirH6KdHNTI2+4lT8cQ==",
      "requires": {
        "@writetome51/is-finite-number": "^2.0.0"
      }
    },
    "error-if-not-integer": {
      "version": "2.0.0",
      "resolved": "https://registry.npmjs.org/error-if-not-integer/-/error-if-not-integer-2.0.0.tgz",
      "integrity": "sha512-jCDTtwK4fZVn0DNJKXYCynF/B+AUG9Ge3snFw4fq2nYzT1c1uTeWvPDXxRT4OKpNjIeOUhxzJmqb4KLwLETjQg==",
      "requires": {
        "@writetome51/is-integer-is-float": "^2.0.0",
        "error-if-not-finite-number": "^2.0.0"
      }
    },
    "error-if-not-integer-zero-or-greater": {
      "version": "2.0.0",
      "resolved": "https://registry.npmjs.org/error-if-not-integer-zero-or-greater/-/error-if-not-integer-zero-or-greater-2.0.0.tgz",
      "integrity": "sha512-xWxRI6EsaSCSC9WYVyQEUw3W23pvJ6gFh2vRi4L25csGOsKw7sW3FtK3FQNN2QhKmzQaZqJVbfhpLbTvSoG4GQ==",
      "requires": {
        "error-if-not-integer": "^2.0.0"
      }
    },
    "error-if-values-are-not-arrays": {
      "version": "2.0.1",
      "resolved": "https://registry.npmjs.org/error-if-values-are-not-arrays/-/error-if-values-are-not-arrays-2.0.1.tgz",
      "integrity": "sha512-DiK9y6+4toBSg1glPr0yTkI7SfaFo4FCVyNuLaKLuuH++z10XnVE/zV2m+sAw1QWL7RlhxFJU1/SnkwFWker7g==",
      "requires": {
        "error-if-not-array": "^2.0.0"
      }
    }
  }
}
